
Microsoft Visual Studio Solution File, Format Version 12.00
# Visual Studio Version 17
VisualStudioVersion = 17.11.35219.272
MinimumVisualStudioVersion = 10.0.40219.1
Project("{FAE04EC0-301F-11D3-BF4B-00C04F79EFBC}") = "BaiTap01", "BaiTap01\BaiTap01.csproj", "{76CF843D-5F9F-469B-9B9A-7B696138AA1B}"
EndProject
Global
	GlobalSection(SolutionConfigurationPlatforms) = preSolution
		Debug|Any CPU = Debug|Any CPU
		Release|Any CPU = Release|Any CPU
	EndGlobalSection
	GlobalSection(ProjectConfigurationPlatforms) = postSolution
		{76CF843D-5F9F-469B-9B9A-7B696138AA1B}.Debug|Any CPU.ActiveCfg = Debug|Any CPU
		{76CF843D-5F9F-469B-9B9A-7B696138AA1B}.Debug|Any CPU.Build.0 = Debug|Any CPU
		{76CF843D-5F9F-469B-9B9A-7B696138AA1B}.Release|Any CPU.ActiveCfg = Release|Any CPU
		{76CF843D-5F9F-469B-9B9A-7B696138AA1B}.Release|Any CPU.Build.0 = Release|Any CPU
	EndGlobalSection
	GlobalSection(SolutionProperties) = preSolution
		HideSolutionNode = FALSE
	EndGlobalSection
	GlobalSection(ExtensibilityGlobals) = postSolution
		SolutionGuid = {4CC5C3BC-439D-4788-87C6-762C52593CA8}
	EndGlobalSection
EndGlobal
