
Microsoft Visual Studio Solution File, Format Version 12.00
# Visual Studio Version 17
VisualStudioVersion = 17.11.35219.272
MinimumVisualStudioVersion = 10.0.40219.1
Project("{FAE04EC0-301F-11D3-BF4B-00C04F79EFBC}") = "BaiTap06", "BaiTap06\BaiTap06.csproj", "{271F88CE-9069-450A-B576-85474080EAE4}"
EndProject
Global
	GlobalSection(SolutionConfigurationPlatforms) = preSolution
		Debug|Any CPU = Debug|Any CPU
		Release|Any CPU = Release|Any CPU
	EndGlobalSection
	GlobalSection(ProjectConfigurationPlatforms) = postSolution
		{271F88CE-9069-450A-B576-85474080EAE4}.Debug|Any CPU.ActiveCfg = Debug|Any CPU
		{271F88CE-9069-450A-B576-85474080EAE4}.Debug|Any CPU.Build.0 = Debug|Any CPU
		{271F88CE-9069-450A-B576-85474080EAE4}.Release|Any CPU.ActiveCfg = Release|Any CPU
		{271F88CE-9069-450A-B576-85474080EAE4}.Release|Any CPU.Build.0 = Release|Any CPU
	EndGlobalSection
	GlobalSection(SolutionProperties) = preSolution
		HideSolutionNode = FALSE
	EndGlobalSection
	GlobalSection(ExtensibilityGlobals) = postSolution
		SolutionGuid = {97EC23B9-61FF-40CC-8783-AE3F4C831A25}
	EndGlobalSection
EndGlobal
